// !$*UTF8*$!
{
	archiveVersion = 1;
	classes = {
	};
	objectVersion = 56;
	objects = {

/* Begin PBXBuildFile section */
		000000000000000000000201 /* AppDelegate.swift in Sources */ = {isa = PBXBuildFile; fileRef = 000000000000000000000101 /* AppDelegate.swift */; };
		00000000000000000000021A /* main.swift in Sources */ = {isa = PBXBuildFile; fileRef = 00000000000000000000011B /* main.swift */; };
		000000000000000000000202 /* MenuBarController.swift in Sources */ = {isa = PBXBuildFile; fileRef = 000000000000000000000102 /* MenuBarController.swift */; };
		000000000000000000000203 /* CoreManager.swift in Sources */ = {isa = PBXBuildFile; fileRef = 000000000000000000000103 /* CoreManager.swift */; };
		000000000000000000000204 /* Models.swift in Sources */ = {isa = PBXBuildFile; fileRef = 000000000000000000000104 /* Models.swift */; };
		000000000000000000000205 /* ConfigStore.swift in Sources */ = {isa = PBXBuildFile; fileRef = 000000000000000000000105 /* ConfigStore.swift */; };
		000000000000000000000206 /* AssetStore.swift in Sources */ = {isa = PBXBuildFile; fileRef = 000000000000000000000106 /* AssetStore.swift */; };
		000000000000000000000207 /* ScreenManager.swift in Sources */ = {isa = PBXBuildFile; fileRef = 000000000000000000000107 /* ScreenManager.swift */; };
		000000000000000000000208 /* ScreenContext.swift in Sources */ = {isa = PBXBuildFile; fileRef = 000000000000000000000108 /* ScreenContext.swift */; };
		00000000000000000000021B /* SmartPauseMonitor.swift in Sources */ = {isa = PBXBuildFile; fileRef = 00000000000000000000011C /* SmartPauseMonitor.swift */; };
		00000000000000000000022A /* MediaPlaybackMonitor.swift in Sources */ = {isa = PBXBuildFile; fileRef = 00000000000000000000021D /* MediaPlaybackMonitor.swift */; };
		00000000000000000000021C /* LaunchAtLogin.swift in Sources */ = {isa = PBXBuildFile; fileRef = 00000000000000000000011D /* LaunchAtLogin.swift */; };
		000000000000000000000209 /* IdleDetector.swift in Sources */ = {isa = PBXBuildFile; fileRef = 000000000000000000000109 /* IdleDetector.swift */; };
		00000000000000000000020A /* WallpaperEngine.swift in Sources */ = {isa = PBXBuildFile; fileRef = 00000000000000000000010A /* WallpaperEngine.swift */; };
		00000000000000000000020B /* WallpaperWindow.swift in Sources */ = {isa = PBXBuildFile; fileRef = 00000000000000000000010B /* WallpaperWindow.swift */; };
		00000000000000000000020C /* ImageSequenceRenderer.swift in Sources */ = {isa = PBXBuildFile; fileRef = 00000000000000000000010C /* ImageSequenceRenderer.swift */; };
		00000000000000000000020D /* MenuBarPanelView.swift in Sources */ = {isa = PBXBuildFile; fileRef = 00000000000000000000010D /* MenuBarPanelView.swift */; };
		00000000000000000000020E /* SettingsWindowController.swift in Sources */ = {isa = PBXBuildFile; fileRef = 00000000000000000000010E /* SettingsWindowController.swift */; };
		00000000000000000000020F /* SettingsView.swift in Sources */ = {isa = PBXBuildFile; fileRef = 00000000000000000000010F /* SettingsView.swift */; };
		000000000000000000000231 /* GeneralSettingsView.swift in Sources */ = {isa = PBXBuildFile; fileRef = 000000000000000000000221 /* GeneralSettingsView.swift */; };
		000000000000000000000232 /* ScreenSaverSettingsView.swift in Sources */ = {isa = PBXBuildFile; fileRef = 000000000000000000000222 /* ScreenSaverSettingsView.swift */; };
		000000000000000000000233 /* WallpaperSettingsView.swift in Sources */ = {isa = PBXBuildFile; fileRef = 000000000000000000000223 /* WallpaperSettingsView.swift */; };
		000000000000000000000211 /* DisplaySettingsView.swift in Sources */ = {isa = PBXBuildFile; fileRef = 000000000000000000000111 /* DisplaySettingsView.swift */; };
		000000000000000000000220 /* ScreenSaverDownloadView.swift in Sources */ = {isa = PBXBuildFile; fileRef = 00000000000000000000011E /* ScreenSaverDownloadView.swift */; };
		00000000000000000000022B /* MediaAppsView.swift in Sources */ = {isa = PBXBuildFile; fileRef = 00000000000000000000021E /* MediaAppsView.swift */; };
		000000000000000000000213 /* Components.swift in Sources */ = {isa = PBXBuildFile; fileRef = 000000000000000000000113 /* Components.swift */; };
		000000000000000000000214 /* AppKit.framework in Frameworks */ = {isa = PBXBuildFile; fileRef = 000000000000000000000116 /* AppKit.framework */; };
		000000000000000000000215 /* SwiftUI.framework in Frameworks */ = {isa = PBXBuildFile; fileRef = 000000000000000000000117 /* SwiftUI.framework */; };
		000000000000000000000216 /* AVFoundation.framework in Frameworks */ = {isa = PBXBuildFile; fileRef = 000000000000000000000118 /* AVFoundation.framework */; };
		000000000000000000000217 /* ImageIO.framework in Frameworks */ = {isa = PBXBuildFile; fileRef = 000000000000000000000119 /* ImageIO.framework */; };
		000000000000000000000218 /* UniformTypeIdentifiers.framework in Frameworks */ = {isa = PBXBuildFile; fileRef = 00000000000000000000011A /* UniformTypeIdentifiers.framework */; };
		000000000000000000000219 /* Assets.xcassets in Resources */ = {isa = PBXBuildFile; fileRef = 000000000000000000000115 /* Assets.xcassets */; };
/* End PBXBuildFile section */

/* Begin PBXFileReference section */
		000000000000000000000101 /* AppDelegate.swift */ = {isa = PBXFileReference; lastKnownFileType = sourcecode.swift; path = AppDelegate.swift; sourceTree = "<group>"; };
		000000000000000000000102 /* MenuBarController.swift */ = {isa = PBXFileReference; lastKnownFileType = sourcecode.swift; path = MenuBarController.swift; sourceTree = "<group>"; };
		000000000000000000000103 /* CoreManager.swift */ = {isa = PBXFileReference; lastKnownFileType = sourcecode.swift; path = CoreManager.swift; sourceTree = "<group>"; };
		000000000000000000000104 /* Models.swift */ = {isa = PBXFileReference; lastKnownFileType = sourcecode.swift; path = Models.swift; sourceTree = "<group>"; };
		000000000000000000000105 /* ConfigStore.swift */ = {isa = PBXFileReference; lastKnownFileType = sourcecode.swift; path = ConfigStore.swift; sourceTree = "<group>"; };
		000000000000000000000106 /* AssetStore.swift */ = {isa = PBXFileReference; lastKnownFileType = sourcecode.swift; path = AssetStore.swift; sourceTree = "<group>"; };
		000000000000000000000107 /* ScreenManager.swift */ = {isa = PBXFileReference; lastKnownFileType = sourcecode.swift; path = ScreenManager.swift; sourceTree = "<group>"; };
		000000000000000000000108 /* ScreenContext.swift */ = {isa = PBXFileReference; lastKnownFileType = sourcecode.swift; path = ScreenContext.swift; sourceTree = "<group>"; };
		00000000000000000000011C /* SmartPauseMonitor.swift */ = {isa = PBXFileReference; lastKnownFileType = sourcecode.swift; path = SmartPauseMonitor.swift; sourceTree = "<group>"; };
		00000000000000000000011D /* LaunchAtLogin.swift */ = {isa = PBXFileReference; lastKnownFileType = sourcecode.swift; path = LaunchAtLogin.swift; sourceTree = "<group>"; };
		00000000000000000000021D /* MediaPlaybackMonitor.swift */ = {isa = PBXFileReference; lastKnownFileType = sourcecode.swift; path = MediaPlaybackMonitor.swift; sourceTree = "<group>"; };
		000000000000000000000109 /* IdleDetector.swift */ = {isa = PBXFileReference; lastKnownFileType = sourcecode.swift; path = IdleDetector.swift; sourceTree = "<group>"; };
		00000000000000000000010A /* WallpaperEngine.swift */ = {isa = PBXFileReference; lastKnownFileType = sourcecode.swift; path = WallpaperEngine.swift; sourceTree = "<group>"; };
		00000000000000000000010B /* WallpaperWindow.swift */ = {isa = PBXFileReference; lastKnownFileType = sourcecode.swift; path = WallpaperWindow.swift; sourceTree = "<group>"; };
		00000000000000000000010C /* ImageSequenceRenderer.swift */ = {isa = PBXFileReference; lastKnownFileType = sourcecode.swift; path = ImageSequenceRenderer.swift; sourceTree = "<group>"; };
		00000000000000000000010D /* MenuBarPanelView.swift */ = {isa = PBXFileReference; lastKnownFileType = sourcecode.swift; path = MenuBarPanelView.swift; sourceTree = "<group>"; };
		00000000000000000000010E /* SettingsWindowController.swift */ = {isa = PBXFileReference; lastKnownFileType = sourcecode.swift; path = SettingsWindowController.swift; sourceTree = "<group>"; };
		00000000000000000000010F /* SettingsView.swift */ = {isa = PBXFileReference; lastKnownFileType = sourcecode.swift; path = SettingsView.swift; sourceTree = "<group>"; };
		000000000000000000000221 /* GeneralSettingsView.swift */ = {isa = PBXFileReference; lastKnownFileType = sourcecode.swift; path = GeneralSettingsView.swift; sourceTree = "<group>"; };
		000000000000000000000222 /* ScreenSaverSettingsView.swift */ = {isa = PBXFileReference; lastKnownFileType = sourcecode.swift; path = ScreenSaverSettingsView.swift; sourceTree = "<group>"; };
		000000000000000000000223 /* WallpaperSettingsView.swift */ = {isa = PBXFileReference; lastKnownFileType = sourcecode.swift; path = WallpaperSettingsView.swift; sourceTree = "<group>"; };
		000000000000000000000111 /* DisplaySettingsView.swift */ = {isa = PBXFileReference; lastKnownFileType = sourcecode.swift; path = DisplaySettingsView.swift; sourceTree = "<group>"; };
		000000000000000000000113 /* Components.swift */ = {isa = PBXFileReference; lastKnownFileType = sourcecode.swift; path = Components.swift; sourceTree = "<group>"; };
		00000000000000000000011E /* ScreenSaverDownloadView.swift */ = {isa = PBXFileReference; lastKnownFileType = sourcecode.swift; path = ScreenSaverDownloadView.swift; sourceTree = "<group>"; };
		00000000000000000000021E /* MediaAppsView.swift */ = {isa = PBXFileReference; lastKnownFileType = sourcecode.swift; path = MediaAppsView.swift; sourceTree = "<group>"; };
		000000000000000000000114 /* Info.plist */ = {isa = PBXFileReference; lastKnownFileType = text.plist.xml; path = Info.plist; sourceTree = "<group>"; };
		000000000000000000000115 /* Assets.xcassets */ = {isa = PBXFileReference; lastKnownFileType = folder.assetcatalog; path = Assets.xcassets; sourceTree = "<group>"; };
		000000000000000000000116 /* AppKit.framework */ = {isa = PBXFileReference; lastKnownFileType = wrapper.framework; name = AppKit.framework; path = System/Library/Frameworks/AppKit.framework; sourceTree = SDKROOT; };
		000000000000000000000117 /* SwiftUI.framework */ = {isa = PBXFileReference; lastKnownFileType = wrapper.framework; name = SwiftUI.framework; path = System/Library/Frameworks/SwiftUI.framework; sourceTree = SDKROOT; };
		000000000000000000000118 /* AVFoundation.framework */ = {isa = PBXFileReference; lastKnownFileType = wrapper.framework; name = AVFoundation.framework; path = System/Library/Frameworks/AVFoundation.framework; sourceTree = SDKROOT; };
		000000000000000000000119 /* ImageIO.framework */ = {isa = PBXFileReference; lastKnownFileType = wrapper.framework; name = ImageIO.framework; path = System/Library/Frameworks/ImageIO.framework; sourceTree = SDKROOT; };
		00000000000000000000011A /* UniformTypeIdentifiers.framework */ = {isa = PBXFileReference; lastKnownFileType = wrapper.framework; name = UniformTypeIdentifiers.framework; path = System/Library/Frameworks/UniformTypeIdentifiers.framework; sourceTree = SDKROOT; };
		00000000000000000000011B /* main.swift */ = {isa = PBXFileReference; lastKnownFileType = sourcecode.swift; path = main.swift; sourceTree = "<group>"; };
		00000000000000000000000E /* WallFlux.app */ = {isa = PBXFileReference; explicitFileType = wrapper.application; includeInIndex = 0; path = WallFlux.app; sourceTree = BUILT_PRODUCTS_DIR; };
/* End PBXFileReference section */

/* Begin PBXFrameworksBuildPhase section */
		00000000000000000000000C /* Frameworks */ = {
			isa = PBXFrameworksBuildPhase;
			buildActionMask = 2147483647;
			files = (
				000000000000000000000214 /* AppKit.framework in Frameworks */,
				000000000000000000000215 /* SwiftUI.framework in Frameworks */,
				000000000000000000000216 /* AVFoundation.framework in Frameworks */,
				000000000000000000000217 /* ImageIO.framework in Frameworks */,
				000000000000000000000218 /* UniformTypeIdentifiers.framework in Frameworks */,
			);
			runOnlyForDeploymentPostprocessing = 0;
		};
/* End PBXFrameworksBuildPhase section */

/* Begin PBXGroup section */
		000000000000000000000002 = {
			isa = PBXGroup;
			children = (
				000000000000000000000004 /* WallFlux */,
				000000000000000000000009 /* Frameworks */,
				000000000000000000000003 /* Products */,
			);
			sourceTree = "<group>";
		};
		000000000000000000000003 /* Products */ = {
			isa = PBXGroup;
			children = (
				00000000000000000000000E /* WallFlux.app */,
			);
			name = Products;
			sourceTree = "<group>";
		};
		000000000000000000000004 /* WallFlux */ = {
			isa = PBXGroup;
			children = (
				000000000000000000000005 /* App */,
				000000000000000000000006 /* Core */,
				000000000000000000000007 /* Engine */,
				000000000000000000000008 /* UI */,
				000000000000000000000114 /* Info.plist */,
				000000000000000000000115 /* Assets.xcassets */,
			);
			path = WallFlux;
			sourceTree = "<group>";
		};
			000000000000000000000005 /* App */ = {
			isa = PBXGroup;
			children = (
				000000000000000000000101 /* AppDelegate.swift */,
				000000000000000000000102 /* MenuBarController.swift */,
				00000000000000000000011B /* main.swift */,
			);
			path = App;
			sourceTree = "<group>";
		};
		000000000000000000000006 /* Core */ = {
			isa = PBXGroup;
			children = (
				000000000000000000000103 /* CoreManager.swift */,
				000000000000000000000104 /* Models.swift */,
				000000000000000000000105 /* ConfigStore.swift */,
				000000000000000000000106 /* AssetStore.swift */,
				000000000000000000000107 /* ScreenManager.swift */,
				000000000000000000000108 /* ScreenContext.swift */,
				00000000000000000000011C /* SmartPauseMonitor.swift */,
				00000000000000000000021D /* MediaPlaybackMonitor.swift */,
				00000000000000000000011D /* LaunchAtLogin.swift */,
				000000000000000000000109 /* IdleDetector.swift */,
			);
			path = Core;
			sourceTree = "<group>";
		};
		000000000000000000000007 /* Engine */ = {
			isa = PBXGroup;
			children = (
				00000000000000000000010A /* WallpaperEngine.swift */,
				00000000000000000000010B /* WallpaperWindow.swift */,
				00000000000000000000010C /* ImageSequenceRenderer.swift */,
			);
			path = Engine;
			sourceTree = "<group>";
		};
		000000000000000000000008 /* UI */ = {
			isa = PBXGroup;
			children = (
				00000000000000000000010D /* MenuBarPanelView.swift */,
				00000000000000000000010E /* SettingsWindowController.swift */,
				00000000000000000000010F /* SettingsView.swift */,
				000000000000000000000221 /* GeneralSettingsView.swift */,
				000000000000000000000222 /* ScreenSaverSettingsView.swift */,
				000000000000000000000223 /* WallpaperSettingsView.swift */,
				000000000000000000000111 /* DisplaySettingsView.swift */,
				00000000000000000000011E /* ScreenSaverDownloadView.swift */,
				00000000000000000000021E /* MediaAppsView.swift */,
				000000000000000000000113 /* Components.swift */,
			);
			path = UI;
			sourceTree = "<group>";
		};
		000000000000000000000009 /* Frameworks */ = {
			isa = PBXGroup;
			children = (
				000000000000000000000116 /* AppKit.framework */,
				000000000000000000000117 /* SwiftUI.framework */,
				000000000000000000000118 /* AVFoundation.framework */,
				000000000000000000000119 /* ImageIO.framework */,
				00000000000000000000011A /* UniformTypeIdentifiers.framework */,
			);
			name = Frameworks;
			sourceTree = "<group>";
		};
/* End PBXGroup section */

/* Begin PBXNativeTarget section */
		00000000000000000000000A /* WallFlux */ = {
			isa = PBXNativeTarget;
			buildConfigurationList = 000000000000000000000010 /* Build configuration list for PBXNativeTarget "WallFlux" */;
			buildPhases = (
				00000000000000000000000B /* Sources */,
				00000000000000000000000C /* Frameworks */,
				00000000000000000000000D /* Resources */,
			);
			buildRules = (
			);
			dependencies = (
			);
			name = WallFlux;
			productName = WallFlux;
			productReference = 00000000000000000000000E /* WallFlux.app */;
			productType = "com.apple.product-type.application";
		};
/* End PBXNativeTarget section */

/* Begin PBXProject section */
		000000000000000000000001 /* Project object */ = {
			isa = PBXProject;
			attributes = {
				BuildIndependentTargetsInParallel = 1;
				LastSwiftUpdateCheck = 1500;
				LastUpgradeCheck = 1500;
				TargetAttributes = {
					00000000000000000000000A = {
						CreatedOnToolsVersion = 15.0;
					};
				};
			};
			buildConfigurationList = 00000000000000000000000F /* Build configuration list for PBXProject "WallFlux" */;
			compatibilityVersion = "Xcode 14.0";
			developmentRegion = en;
			hasScannedForEncodings = 0;
			knownRegions = (
				en,
				Base,
				"zh-Hans",
			);
			mainGroup = 000000000000000000000002;
			productRefGroup = 000000000000000000000003 /* Products */;
			projectDirPath = "";
			projectRoot = "";
			targets = (
				00000000000000000000000A /* WallFlux */,
			);
		};
/* End PBXProject section */

/* Begin PBXResourcesBuildPhase section */
		00000000000000000000000D /* Resources */ = {
			isa = PBXResourcesBuildPhase;
			buildActionMask = 2147483647;
			files = (
				000000000000000000000219 /* Assets.xcassets in Resources */,
			);
			runOnlyForDeploymentPostprocessing = 0;
		};
/* End PBXResourcesBuildPhase section */

/* Begin PBXSourcesBuildPhase section */
		00000000000000000000000B /* Sources */ = {
			isa = PBXSourcesBuildPhase;
			buildActionMask = 2147483647;
			files = (
				000000000000000000000201 /* AppDelegate.swift in Sources */,
				000000000000000000000202 /* MenuBarController.swift in Sources */,
				00000000000000000000021A /* main.swift in Sources */,
				000000000000000000000203 /* CoreManager.swift in Sources */,
				000000000000000000000204 /* Models.swift in Sources */,
				000000000000000000000205 /* ConfigStore.swift in Sources */,
				000000000000000000000206 /* AssetStore.swift in Sources */,
				000000000000000000000207 /* ScreenManager.swift in Sources */,
				000000000000000000000208 /* ScreenContext.swift in Sources */,
				00000000000000000000021B /* SmartPauseMonitor.swift in Sources */,
				00000000000000000000022A /* MediaPlaybackMonitor.swift in Sources */,
				00000000000000000000021C /* LaunchAtLogin.swift in Sources */,
				000000000000000000000209 /* IdleDetector.swift in Sources */,
				00000000000000000000020A /* WallpaperEngine.swift in Sources */,
				00000000000000000000020B /* WallpaperWindow.swift in Sources */,
				00000000000000000000020C /* ImageSequenceRenderer.swift in Sources */,
				00000000000000000000020D /* MenuBarPanelView.swift in Sources */,
				00000000000000000000020E /* SettingsWindowController.swift in Sources */,
				00000000000000000000020F /* SettingsView.swift in Sources */,
				000000000000000000000231 /* GeneralSettingsView.swift in Sources */,
				000000000000000000000232 /* ScreenSaverSettingsView.swift in Sources */,
				000000000000000000000233 /* WallpaperSettingsView.swift in Sources */,
				000000000000000000000211 /* DisplaySettingsView.swift in Sources */,
				000000000000000000000220 /* ScreenSaverDownloadView.swift in Sources */,
				00000000000000000000022B /* MediaAppsView.swift in Sources */,
				000000000000000000000213 /* Components.swift in Sources */,
			);
			runOnlyForDeploymentPostprocessing = 0;
		};
/* End PBXSourcesBuildPhase section */

/* Begin XCBuildConfiguration section */
		000000000000000000000011 /* Debug */ = {
			isa = XCBuildConfiguration;
			buildSettings = {
				ALWAYS_SEARCH_USER_PATHS = NO;
				CLANG_ANALYZER_NONNULL = YES;
				CLANG_ENABLE_MODULES = YES;
				CLANG_ENABLE_OBJC_ARC = YES;
				CLANG_WARN_BOOL_CONVERSION = YES;
				CLANG_WARN_CONSTANT_CONVERSION = YES;
				CLANG_WARN_EMPTY_BODY = YES;
				CLANG_WARN_ENUM_CONVERSION = YES;
				CLANG_WARN_INT_CONVERSION = YES;
				CLANG_WARN_UNREACHABLE_CODE = YES;
				COPY_PHASE_STRIP = NO;
				DEBUG_INFORMATION_FORMAT = dwarf;
				ENABLE_STRICT_OBJC_MSGSEND = YES;
				ENABLE_TESTABILITY = YES;
				GCC_C_LANGUAGE_STANDARD = gnu17;
				GCC_DYNAMIC_NO_PIC = NO;
				GCC_NO_COMMON_BLOCKS = YES;
				GCC_OPTIMIZATION_LEVEL = 0;
				GCC_PREPROCESSOR_DEFINITIONS = (
					"DEBUG=1",
					"$(inherited)",
				);
				MACOSX_DEPLOYMENT_TARGET = 14.0;
				MTL_ENABLE_DEBUG_INFO = INCLUDE_SOURCE;
				ONLY_ACTIVE_ARCH = YES;
				SDKROOT = macosx;
				SWIFT_ACTIVE_COMPILATION_CONDITIONS = DEBUG;
				SWIFT_OPTIMIZATION_LEVEL = "-Onone";
				SWIFT_VERSION = 5.0;
			};
			name = Debug;
		};
		000000000000000000000012 /* Release */ = {
			isa = XCBuildConfiguration;
			buildSettings = {
				ALWAYS_SEARCH_USER_PATHS = NO;
				CLANG_ANALYZER_NONNULL = YES;
				CLANG_ENABLE_MODULES = YES;
				CLANG_ENABLE_OBJC_ARC = YES;
				CLANG_WARN_BOOL_CONVERSION = YES;
				CLANG_WARN_CONSTANT_CONVERSION = YES;
				CLANG_WARN_EMPTY_BODY = YES;
				CLANG_WARN_ENUM_CONVERSION = YES;
				CLANG_WARN_INT_CONVERSION = YES;
				CLANG_WARN_UNREACHABLE_CODE = YES;
				COPY_PHASE_STRIP = NO;
				DEBUG_INFORMATION_FORMAT = "dwarf-with-dsym";
				ENABLE_NS_ASSERTIONS = NO;
				ENABLE_STRICT_OBJC_MSGSEND = YES;
				GCC_C_LANGUAGE_STANDARD = gnu17;
				GCC_NO_COMMON_BLOCKS = YES;
				MACOSX_DEPLOYMENT_TARGET = 14.0;
				MTL_ENABLE_DEBUG_INFO = NO;
				SDKROOT = macosx;
				SWIFT_COMPILATION_MODE = wholemodule;
				SWIFT_OPTIMIZATION_LEVEL = "-O";
				SWIFT_VERSION = 5.0;
			};
			name = Release;
		};
		000000000000000000000013 /* Debug */ = {
			isa = XCBuildConfiguration;
			buildSettings = {
				ASSETCATALOG_COMPILER_APPICON_NAME = AppIcon;
				CODE_SIGN_IDENTITY = "-";
				CODE_SIGN_STYLE = Manual;
				COMBINE_HIDPI_IMAGES = YES;
				CURRENT_PROJECT_VERSION = 1;
				GENERATE_INFOPLIST_FILE = NO;
				INFOPLIST_FILE = WallFlux/Info.plist;
				LD_RUNPATH_SEARCH_PATHS = (
					"$(inherited)",
					"@executable_path/../Frameworks",
				);
				MARKETING_VERSION = 1.8.0;
				PRODUCT_BUNDLE_IDENTIFIER = com.wallflux.WallFlux;
				PRODUCT_NAME = "$(TARGET_NAME)";
				SWIFT_EMIT_LOC_STRINGS = YES;
			};
			name = Debug;
		};
		000000000000000000000014 /* Release */ = {
			isa = XCBuildConfiguration;
			buildSettings = {
				ASSETCATALOG_COMPILER_APPICON_NAME = AppIcon;
				CODE_SIGN_IDENTITY = "-";
				CODE_SIGN_STYLE = Manual;
				COMBINE_HIDPI_IMAGES = YES;
				CURRENT_PROJECT_VERSION = 1;
				GENERATE_INFOPLIST_FILE = NO;
				INFOPLIST_FILE = WallFlux/Info.plist;
				LD_RUNPATH_SEARCH_PATHS = (
					"$(inherited)",
					"@executable_path/../Frameworks",
				);
				MARKETING_VERSION = 1.8.0;
				PRODUCT_BUNDLE_IDENTIFIER = com.wallflux.WallFlux;
				PRODUCT_NAME = "$(TARGET_NAME)";
				SWIFT_EMIT_LOC_STRINGS = YES;
			};
			name = Release;
		};
/* End XCBuildConfiguration section */

/* Begin XCConfigurationList section */
		00000000000000000000000F /* Build configuration list for PBXProject "WallFlux" */ = {
			isa = XCConfigurationList;
			buildConfigurations = (
				000000000000000000000011 /* Debug */,
				000000000000000000000012 /* Release */,
			);
			defaultConfigurationIsVisible = 0;
			defaultConfigurationName = Release;
		};
		000000000000000000000010 /* Build configuration list for PBXNativeTarget "WallFlux" */ = {
			isa = XCConfigurationList;
			buildConfigurations = (
				000000000000000000000013 /* Debug */,
				000000000000000000000014 /* Release */,
			);
			defaultConfigurationIsVisible = 0;
			defaultConfigurationName = Release;
		};
/* End XCConfigurationList section */
	};
	rootObject = 000000000000000000000001 /* Project object */;
}
